
Microsoft Visual Studio Solution File, Format Version 12.00
# Visual Studio Version 17
VisualStudioVersion = 17.1.32113.165
MinimumVisualStudioVersion = 10.0.40219.1
Project("{FAE04EC0-301F-11D3-BF4B-00C04F79EFBC}") = "KitKyatto", "KitKyatto\KitKyatto.csproj", "{9AF857C5-8E97-4900-81C1-86A15795DEF1}"
EndProject
Project("{FAE04EC0-301F-11D3-BF4B-00C04F79EFBC}") = "KitKyattoBot", "KitKyattoBot\KitKyattoBot.csproj", "{98D8A580-E83D-4FC1-A450-0827EB3E142B}"
EndProject
Global
	GlobalSection(SolutionConfigurationPlatforms) = preSolution
		Debug|Any CPU = Debug|Any CPU
		Release|Any CPU = Release|Any CPU
	EndGlobalSection
	GlobalSection(ProjectConfigurationPlatforms) = postSolution
		{9AF857C5-8E97-4900-81C1-86A15795DEF1}.Debug|Any CPU.ActiveCfg = Debug|Any CPU
		{9AF857C5-8E97-4900-81C1-86A15795DEF1}.Debug|Any CPU.Build.0 = Debug|Any CPU
		{9AF857C5-8E97-4900-81C1-86A15795DEF1}.Release|Any CPU.ActiveCfg = Release|Any CPU
		{9AF857C5-8E97-4900-81C1-86A15795DEF1}.Release|Any CPU.Build.0 = Release|Any CPU
		{98D8A580-E83D-4FC1-A450-0827EB3E142B}.Debug|Any CPU.ActiveCfg = Debug|Any CPU
		{98D8A580-E83D-4FC1-A450-0827EB3E142B}.Debug|Any CPU.Build.0 = Debug|Any CPU
		{98D8A580-E83D-4FC1-A450-0827EB3E142B}.Release|Any CPU.ActiveCfg = Release|Any CPU
		{98D8A580-E83D-4FC1-A450-0827EB3E142B}.Release|Any CPU.Build.0 = Release|Any CPU
	EndGlobalSection
	GlobalSection(SolutionProperties) = preSolution
		HideSolutionNode = FALSE
	EndGlobalSection
	GlobalSection(ExtensibilityGlobals) = postSolution
		SolutionGuid = {D745FBF8-B346-4B9D-83CE-1CEC346E2483}
	EndGlobalSection
EndGlobal
